
Microsoft Visual Studio Solution File, Format Version 12.00
# Visual Studio Version 16
VisualStudioVersion = 16.0.30114.105
MinimumVisualStudioVersion = 10.0.40219.1
Project("{2150E333-8FDC-42A3-9474-1A3956D46DE8}") = "src", "src", "{9AC7DE77-99E3-40D2-A938-8A53FC109447}"
EndProject
Project("{FAE04EC0-301F-11D3-BF4B-00C04F79EFBC}") = "SimpleAPi", "src\SimpleAPi\SimpleAPi.csproj", "{4C212FC6-A31A-40AD-9CCE-7DA25365F01A}"
EndProject
Project("{2150E333-8FDC-42A3-9474-1A3956D46DE8}") = "test", "test", "{66400251-B292-46F0-814C-031BA85FEC1A}"
EndProject
Project("{FAE04EC0-301F-11D3-BF4B-00C04F79EFBC}") = "SimpleAPI.Tests", "test\SimpleAPI.Tests\SimpleAPI.Tests.csproj", "{E62E664F-C935-433E-A91D-ED116E3B40E7}"
EndProject
Global
	GlobalSection(SolutionConfigurationPlatforms) = preSolution
		Debug|Any CPU = Debug|Any CPU
		Debug|x64 = Debug|x64
		Debug|x86 = Debug|x86
		Release|Any CPU = Release|Any CPU
		Release|x64 = Release|x64
		Release|x86 = Release|x86
	EndGlobalSection
	GlobalSection(SolutionProperties) = preSolution
		HideSolutionNode = FALSE
	EndGlobalSection
	GlobalSection(ProjectConfigurationPlatforms) = postSolution
		{4C212FC6-A31A-40AD-9CCE-7DA25365F01A}.Debug|Any CPU.ActiveCfg = Debug|Any CPU
		{4C212FC6-A31A-40AD-9CCE-7DA25365F01A}.Debug|Any CPU.Build.0 = Debug|Any CPU
		{4C212FC6-A31A-40AD-9CCE-7DA25365F01A}.Debug|x64.ActiveCfg = Debug|Any CPU
		{4C212FC6-A31A-40AD-9CCE-7DA25365F01A}.Debug|x64.Build.0 = Debug|Any CPU
		{4C212FC6-A31A-40AD-9CCE-7DA25365F01A}.Debug|x86.ActiveCfg = Debug|Any CPU
		{4C212FC6-A31A-40AD-9CCE-7DA25365F01A}.Debug|x86.Build.0 = Debug|Any CPU
		{4C212FC6-A31A-40AD-9CCE-7DA25365F01A}.Release|Any CPU.ActiveCfg = Release|Any CPU
		{4C212FC6-A31A-40AD-9CCE-7DA25365F01A}.Release|Any CPU.Build.0 = Release|Any CPU
		{4C212FC6-A31A-40AD-9CCE-7DA25365F01A}.Release|x64.ActiveCfg = Release|Any CPU
		{4C212FC6-A31A-40AD-9CCE-7DA25365F01A}.Release|x64.Build.0 = Release|Any CPU
		{4C212FC6-A31A-40AD-9CCE-7DA25365F01A}.Release|x86.ActiveCfg = Release|Any CPU
		{4C212FC6-A31A-40AD-9CCE-7DA25365F01A}.Release|x86.Build.0 = Release|Any CPU
		{E62E664F-C935-433E-A91D-ED116E3B40E7}.Debug|Any CPU.ActiveCfg = Debug|Any CPU
		{E62E664F-C935-433E-A91D-ED116E3B40E7}.Debug|Any CPU.Build.0 = Debug|Any CPU
		{E62E664F-C935-433E-A91D-ED116E3B40E7}.Debug|x64.ActiveCfg = Debug|Any CPU
		{E62E664F-C935-433E-A91D-ED116E3B40E7}.Debug|x64.Build.0 = Debug|Any CPU
		{E62E664F-C935-433E-A91D-ED116E3B40E7}.Debug|x86.ActiveCfg = Debug|Any CPU
		{E62E664F-C935-433E-A91D-ED116E3B40E7}.Debug|x86.Build.0 = Debug|Any CPU
		{E62E664F-C935-433E-A91D-ED116E3B40E7}.Release|Any CPU.ActiveCfg = Release|Any CPU
		{E62E664F-C935-433E-A91D-ED116E3B40E7}.Release|Any CPU.Build.0 = Release|Any CPU
		{E62E664F-C935-433E-A91D-ED116E3B40E7}.Release|x64.ActiveCfg = Release|Any CPU
		{E62E664F-C935-433E-A91D-ED116E3B40E7}.Release|x64.Build.0 = Release|Any CPU
		{E62E664F-C935-433E-A91D-ED116E3B40E7}.Release|x86.ActiveCfg = Release|Any CPU
		{E62E664F-C935-433E-A91D-ED116E3B40E7}.Release|x86.Build.0 = Release|Any CPU
	EndGlobalSection
	GlobalSection(NestedProjects) = preSolution
		{4C212FC6-A31A-40AD-9CCE-7DA25365F01A} = {9AC7DE77-99E3-40D2-A938-8A53FC109447}
		{E62E664F-C935-433E-A91D-ED116E3B40E7} = {66400251-B292-46F0-814C-031BA85FEC1A}
	EndGlobalSection
EndGlobal
